Microsoft Visual Studio Solution File, Format Version 12.00
# Visual Studio Version 17
VisualStudioVersion = 17.5.2.0
MinimumVisualStudioVersion = 10.0.40219.1
Project("{FAE04EC0-301F-11D3-BF4B-00C04F79EFBC}") = "sanfoundry", "sanfoundry.csproj", "{948DDD3D-24B6-B904-E227-35DBD103D99C}"
EndProject
Global
	GlobalSection(SolutionConfigurationPlatforms) = preSolution
		Debug|Any CPU = Debug|Any CPU
		Release|Any CPU = Release|Any CPU
	EndGlobalSection
	GlobalSection(ProjectConfigurationPlatforms) = postSolution
		{948DDD3D-24B6-B904-E227-35DBD103D99C}.Debug|Any CPU.ActiveCfg = Debug|Any CPU
		{948DDD3D-24B6-B904-E227-35DBD103D99C}.Debug|Any CPU.Build.0 = Debug|Any CPU
		{948DDD3D-24B6-B904-E227-35DBD103D99C}.Release|Any CPU.ActiveCfg = Release|Any CPU
		{948DDD3D-24B6-B904-E227-35DBD103D99C}.Release|Any CPU.Build.0 = Release|Any CPU
	EndGlobalSection
	GlobalSection(SolutionProperties) = preSolution
		HideSolutionNode = FALSE
	EndGlobalSection
	GlobalSection(ExtensibilityGlobals) = postSolution
		SolutionGuid = {EF15F464-5914-423D-AD48-3D90839F4518}
	EndGlobalSection
EndGlobal
